// !$*UTF8*$!
{
	archiveVersion = 1;
	classes = {
	};
	objectVersion = 46;
	objects = {

/* Begin PBXBuildFile section */
		835B615916C5834600DE6F5B /* PlayingCardDeck.m in Sources */ = {isa = PBXBuildFile; fileRef = 835B615816C5834600DE6F5B /* PlayingCardDeck.m */; };
		835B615C16C5838000DE6F5B /* PlayingCard.m in Sources */ = {isa = PBXBuildFile; fileRef = 835B615B16C5838000DE6F5B /* PlayingCard.m */; };
		835B615F16C5970F00DE6F5B /* CardMatchingGame.m in Sources */ = {isa = PBXBuildFile; fileRef = 835B615E16C5970F00DE6F5B /* CardMatchingGame.m */; };
		835B616416C6C43100DE6F5B /* cardback.png in Resources */ = {isa = PBXBuildFile; fileRef = 835B616316C6C43100DE6F5B /* cardback.png */; };
		836A328916B87E24008D9C66 /* Card.m in Sources */ = {isa = PBXBuildFile; fileRef = 836A328816B87E24008D9C66 /* Card.m */; };
		836A328C16B87E52008D9C66 /* Deck.m in Sources */ = {isa = PBXBuildFile; fileRef = 836A328B16B87E52008D9C66 /* Deck.m */; };
		83A386DE16B6E447007F7630 /* UIKit.framework in Frameworks */ = {isa = PBXBuildFile; fileRef = 83A386DD16B6E447007F7630 /* UIKit.framework */; };
		83A386E016B6E447007F7630 /* Foundation.framework in Frameworks */ = {isa = PBXBuildFile; fileRef = 83A386DF16B6E447007F7630 /* Foundation.framework */; };
		83A386E216B6E447007F7630 /* CoreGraphics.framework in Frameworks */ = {isa = PBXBuildFile; fileRef = 83A386E116B6E447007F7630 /* CoreGraphics.framework */; };
		83A386E816B6E447007F7630 /* InfoPlist.strings in Resources */ = {isa = PBXBuildFile; fileRef = 83A386E616B6E447007F7630 /* InfoPlist.strings */; };
		83A386EA16B6E447007F7630 /* main.m in Sources */ = {isa = PBXBuildFile; fileRef = 83A386E916B6E447007F7630 /* main.m */; };
		83A386EE16B6E447007F7630 /* MatchismoAppDelegate.m in Sources */ = {isa = PBXBuildFile; fileRef = 83A386ED16B6E447007F7630 /* MatchismoAppDelegate.m */; };
		83A386F016B6E447007F7630 /* Default.png in Resources */ = {isa = PBXBuildFile; fileRef = 83A386EF16B6E447007F7630 /* Default.png */; };
		83A386F216B6E447007F7630 /* Default@2x.png in Resources */ = {isa = PBXBuildFile; fileRef = 83A386F116B6E447007F7630 /* Default@2x.png */; };
		83A386F416B6E447007F7630 /* Default-568h@2x.png in Resources */ = {isa = PBXBuildFile; fileRef = 83A386F316B6E447007F7630 /* Default-568h@2x.png */; };
		83A386F716B6E447007F7630 /* MainStoryboard.storyboard in Resources */ = {isa = PBXBuildFile; fileRef = 83A386F516B6E447007F7630 /* MainStoryboard.storyboard */; };
		83A386FA16B6E447007F7630 /* MatchismoViewController.m in Sources */ = {isa = PBXBuildFile; fileRef = 83A386F916B6E447007F7630 /* MatchismoViewController.m */; };
		83A3870216B6E448007F7630 /* SenTestingKit.framework in Frameworks */ = {isa = PBXBuildFile; fileRef = 83A3870116B6E448007F7630 /* SenTestingKit.framework */; };
		83A3870316B6E448007F7630 /* UIKit.framework in Frameworks */ = {isa = PBXBuildFile; fileRef = 83A386DD16B6E447007F7630 /* UIKit.framework */; };
		83A3870416B6E448007F7630 /* Foundation.framework in Frameworks */ = {isa = PBXBuildFile; fileRef = 83A386DF16B6E447007F7630 /* Foundation.framework */; };
		83A3870C16B6E448007F7630 /* InfoPlist.strings in Resources */ = {isa = PBXBuildFile; fileRef = 83A3870A16B6E448007F7630 /* InfoPlist.strings */; };
		83A3870F16B6E448007F7630 /* MatchismoTests.m in Sources */ = {isa = PBXBuildFile; fileRef = 83A3870E16B6E448007F7630 /* MatchismoTests.m */; };
/* End PBXBuildFile section */

/* Begin PBXContainerItemProxy section */
		83A3870516B6E448007F7630 /* PBXContainerItemProxy */ = {
			isa = PBXContainerItemProxy;
			containerPortal = 83A386D016B6E447007F7630 /* Project object */;
			proxyType = 1;
			remoteGlobalIDString = 83A386D816B6E447007F7630;
			remoteInfo = Matchismo;
		};
/* End PBXContainerItemProxy section */

/* Begin PBXFileReference section */
		835B615716C5834600DE6F5B /* PlayingCardDeck.h */ = {isa = PBXFileReference; fileEncoding = 4; lastKnownFileType = sourcecode.c.h; name = PlayingCardDeck.h; path = model/PlayingCardDeck.h; sourceTree = "<group>"; };
		835B615816C5834600DE6F5B /* PlayingCardDeck.m */ = {isa = PBXFileReference; fileEncoding = 4; lastKnownFileType = sourcecode.c.objc; name = PlayingCardDeck.m; path = model/PlayingCardDeck.m; sourceTree = "<group>"; };
		835B615A16C5838000DE6F5B /* PlayingCard.h */ = {isa = PBXFileReference; fileEncoding = 4; lastKnownFileType = sourcecode.c.h; name = PlayingCard.h; path = model/PlayingCard.h; sourceTree = "<group>"; };
		835B615B16C5838000DE6F5B /* PlayingCard.m */ = {isa = PBXFileReference; fileEncoding = 4; lastKnownFileType = sourcecode.c.objc; name = PlayingCard.m; path = model/PlayingCard.m; sourceTree = "<group>"; };
		835B615D16C5970F00DE6F5B /* CardMatchingGame.h */ = {isa = PBXFileReference; fileEncoding = 4; lastKnownFileType = sourcecode.c.h; name = CardMatchingGame.h; path = model/CardMatchingGame.h; sourceTree = "<group>"; };
		835B615E16C5970F00DE6F5B /* CardMatchingGame.m */ = {isa = PBXFileReference; fileEncoding = 4; lastKnownFileType = sourcecode.c.objc; name = CardMatchingGame.m; path = model/CardMatchingGame.m; sourceTree = "<group>"; };
		835B616316C6C43100DE6F5B /* cardback.png */ = {isa = PBXFileReference; lastKnownFileType = image.png; name = cardback.png; path = ../cardback.png; sourceTree = "<group>"; };
		836A328716B87E24008D9C66 /* Card.h */ = {isa = PBXFileReference; fileEncoding = 4; lastKnownFileType = sourcecode.c.h; name = Card.h; path = model/Card.h; sourceTree = "<group>"; };
		836A328816B87E24008D9C66 /* Card.m */ = {isa = PBXFileReference; fileEncoding = 4; lastKnownFileType = sourcecode.c.objc; name = Card.m; path = model/Card.m; sourceTree = "<group>"; };
		836A328A16B87E52008D9C66 /* Deck.h */ = {isa = PBXFileReference; fileEncoding = 4; lastKnownFileType = sourcecode.c.h; name = Deck.h; path = model/Deck.h; sourceTree = "<group>"; };
		836A328B16B87E52008D9C66 /* Deck.m */ = {isa = PBXFileReference; fileEncoding = 4; lastKnownFileType = sourcecode.c.objc; name = Deck.m; path = model/Deck.m; sourceTree = "<group>"; };
		83A386D916B6E447007F7630 /* Matchismo.app */ = {isa = PBXFileReference; explicitFileType = wrapper.application; includeInIndex = 0; path = Matchismo.app; sourceTree = BUILT_PRODUCTS_DIR; };
		83A386DD16B6E447007F7630 /* UIKit.framework */ = {isa = PBXFileReference; lastKnownFileType = wrapper.framework; name = UIKit.framework; path = System/Library/Frameworks/UIKit.framework; sourceTree = SDKROOT; };
		83A386DF16B6E447007F7630 /* Foundation.framework */ = {isa = PBXFileReference; lastKnownFileType = wrapper.framework; name = Foundation.framework; path = System/Library/Frameworks/Foundation.framework; sourceTree = SDKROOT; };
		83A386E116B6E447007F7630 /* CoreGraphics.framework */ = {isa = PBXFileReference; lastKnownFileType = wrapper.framework; name = CoreGraphics.framework; path = System/Library/Frameworks/CoreGraphics.framework; sourceTree = SDKROOT; };
		83A386E516B6E447007F7630 /* Matchismo-Info.plist */ = {isa = PBXFileReference; lastKnownFileType = text.plist.xml; path = "Matchismo-Info.plist"; sourceTree = "<group>"; };
		83A386E716B6E447007F7630 /* en */ = {isa = PBXFileReference; lastKnownFileType = text.plist.strings; name = en; path = en.lproj/InfoPlist.strings; sourceTree = "<group>"; };
		83A386E916B6E447007F7630 /* main.m */ = {isa = PBXFileReference; lastKnownFileType = sourcecode.c.objc; path = main.m; sourceTree = "<group>"; };
		83A386EB16B6E447007F7630 /* Matchismo-Prefix.pch */ = {isa = PBXFileReference; lastKnownFileType = sourcecode.c.h; path = "Matchismo-Prefix.pch"; sourceTree = "<group>"; };
		83A386EC16B6E447007F7630 /* MatchismoAppDelegate.h */ = {isa = PBXFileReference; lastKnownFileType = sourcecode.c.h; path = MatchismoAppDelegate.h; sourceTree = "<group>"; };
		83A386ED16B6E447007F7630 /* MatchismoAppDelegate.m */ = {isa = PBXFileReference; lastKnownFileType = sourcecode.c.objc; path = MatchismoAppDelegate.m; sourceTree = "<group>"; };
		83A386EF16B6E447007F7630 /* Default.png */ = {isa = PBXFileReference; lastKnownFileType = image.png; path = Default.png; sourceTree = "<group>"; };
		83A386F116B6E447007F7630 /* Default@2x.png */ = {isa = PBXFileReference; lastKnownFileType = image.png; path = "Default@2x.png"; sourceTree = "<group>"; };
		83A386F316B6E447007F7630 /* Default-568h@2x.png */ = {isa = PBXFileReference; lastKnownFileType = image.png; path = "Default-568h@2x.png"; sourceTree = "<group>"; };
		83A386F616B6E447007F7630 /* en */ = {isa = PBXFileReference; lastKnownFileType = file.storyboard; name = en; path = en.lproj/MainStoryboard.storyboard; sourceTree = "<group>"; };
		83A386F816B6E447007F7630 /* MatchismoViewController.h */ = {isa = PBXFileReference; lastKnownFileType = sourcecode.c.h; path = MatchismoViewController.h; sourceTree = "<group>"; };
		83A386F916B6E447007F7630 /* MatchismoViewController.m */ = {isa = PBXFileReference; lastKnownFileType = sourcecode.c.objc; path = MatchismoViewController.m; sourceTree = "<group>"; };
		83A3870016B6E448007F7630 /* MatchismoTests.octest */ = {isa = PBXFileReference; explicitFileType = wrapper.cfbundle; includeInIndex = 0; path = MatchismoTests.octest; sourceTree = BUILT_PRODUCTS_DIR; };
		83A3870116B6E448007F7630 /* SenTestingKit.framework */ = {isa = PBXFileReference; lastKnownFileType = wrapper.framework; name = SenTestingKit.framework; path = Library/Frameworks/SenTestingKit.framework; sourceTree = DEVELOPER_DIR; };
		83A3870916B6E448007F7630 /* MatchismoTests-Info.plist */ = {isa = PBXFileReference; lastKnownFileType = text.plist.xml; path = "MatchismoTests-Info.plist"; sourceTree = "<group>"; };
		83A3870B16B6E448007F7630 /* en */ = {isa = PBXFileReference; lastKnownFileType = text.plist.strings; name = en; path = en.lproj/InfoPlist.strings; sourceTree = "<group>"; };
		83A3870D16B6E448007F7630 /* MatchismoTests.h */ = {isa = PBXFileReference; lastKnownFileType = sourcecode.c.h; path = MatchismoTests.h; sourceTree = "<group>"; };
		83A3870E16B6E448007F7630 /* MatchismoTests.m */ = {isa = PBXFileReference; lastKnownFileType = sourcecode.c.objc; path = MatchismoTests.m; sourceTree = "<group>"; };
/* End PBXFileReference section */

/* Begin PBXFrameworksBuildPhase section */
		83A386D616B6E447007F7630 /* Frameworks */ = {
			isa = PBXFrameworksBuildPhase;
			buildActionMask = 2147483647;
			files = (
				83A386DE16B6E447007F7630 /* UIKit.framework in Frameworks */,
				83A386E016B6E447007F7630 /* Foundation.framework in Frameworks */,
				83A386E216B6E447007F7630 /* CoreGraphics.framework in Frameworks */,
			);
			runOnlyForDeploymentPostprocessing = 0;
		};
		83A386FC16B6E448007F7630 /* Frameworks */ = {
			isa = PBXFrameworksBuildPhase;
			buildActionMask = 2147483647;
			files = (
				83A3870216B6E448007F7630 /* SenTestingKit.framework in Frameworks */,
				83A3870316B6E448007F7630 /* UIKit.framework in Frameworks */,
				83A3870416B6E448007F7630 /* Foundation.framework in Frameworks */,
			);
			runOnlyForDeploymentPostprocessing = 0;
		};
/* End PBXFrameworksBuildPhase section */

/* Begin PBXGroup section */
		835B615316C57F2800DE6F5B /* Model */ = {
			isa = PBXGroup;
			children = (
				835B615D16C5970F00DE6F5B /* CardMatchingGame.h */,
				835B615E16C5970F00DE6F5B /* CardMatchingGame.m */,
				836A328716B87E24008D9C66 /* Card.h */,
				836A328816B87E24008D9C66 /* Card.m */,
				835B615A16C5838000DE6F5B /* PlayingCard.h */,
				835B615B16C5838000DE6F5B /* PlayingCard.m */,
				835B615716C5834600DE6F5B /* PlayingCardDeck.h */,
				835B615816C5834600DE6F5B /* PlayingCardDeck.m */,
				836A328A16B87E52008D9C66 /* Deck.h */,
				836A328B16B87E52008D9C66 /* Deck.m */,
			);
			name = Model;
			sourceTree = "<group>";
		};
		83A386CE16B6E447007F7630 = {
			isa = PBXGroup;
			children = (
				83A386E316B6E447007F7630 /* Matchismo */,
				83A3870716B6E448007F7630 /* MatchismoTests */,
				83A386DC16B6E447007F7630 /* Frameworks */,
				83A386DA16B6E447007F7630 /* Products */,
			);
			sourceTree = "<group>";
		};
		83A386DA16B6E447007F7630 /* Products */ = {
			isa = PBXGroup;
			children = (
				83A386D916B6E447007F7630 /* Matchismo.app */,
				83A3870016B6E448007F7630 /* MatchismoTests.octest */,
			);
			name = Products;
			sourceTree = "<group>";
		};
		83A386DC16B6E447007F7630 /* Frameworks */ = {
			isa = PBXGroup;
			children = (
				83A386DD16B6E447007F7630 /* UIKit.framework */,
				83A386DF16B6E447007F7630 /* Foundation.framework */,
				83A386E116B6E447007F7630 /* CoreGraphics.framework */,
				83A3870116B6E448007F7630 /* SenTestingKit.framework */,
			);
			name = Frameworks;
			sourceTree = "<group>";
		};
		83A386E316B6E447007F7630 /* Matchismo */ = {
			isa = PBXGroup;
			children = (
				83A386EC16B6E447007F7630 /* MatchismoAppDelegate.h */,
				83A386ED16B6E447007F7630 /* MatchismoAppDelegate.m */,
				83A386F516B6E447007F7630 /* MainStoryboard.storyboard */,
				835B615316C57F2800DE6F5B /* Model */,
				83A386F816B6E447007F7630 /* MatchismoViewController.h */,
				83A386F916B6E447007F7630 /* MatchismoViewController.m */,
				83A386E416B6E447007F7630 /* Supporting Files */,
			);
			path = Matchismo;
			sourceTree = "<group>";
		};
		83A386E416B6E447007F7630 /* Supporting Files */ = {
			isa = PBXGroup;
			children = (
				835B616316C6C43100DE6F5B /* cardback.png */,
				83A386E516B6E447007F7630 /* Matchismo-Info.plist */,
				83A386E616B6E447007F7630 /* InfoPlist.strings */,
				83A386E916B6E447007F7630 /* main.m */,
				83A386EB16B6E447007F7630 /* Matchismo-Prefix.pch */,
				83A386EF16B6E447007F7630 /* Default.png */,
				83A386F116B6E447007F7630 /* Default@2x.png */,
				83A386F316B6E447007F7630 /* Default-568h@2x.png */,
			);
			name = "Supporting Files";
			sourceTree = "<group>";
		};
		83A3870716B6E448007F7630 /* MatchismoTests */ = {
			isa = PBXGroup;
			children = (
				83A3870D16B6E448007F7630 /* MatchismoTests.h */,
				83A3870E16B6E448007F7630 /* MatchismoTests.m */,
				83A3870816B6E448007F7630 /* Supporting Files */,
			);
			path = MatchismoTests;
			sourceTree = "<group>";
		};
		83A3870816B6E448007F7630 /* Supporting Files */ = {
			isa = PBXGroup;
			children = (
				83A3870916B6E448007F7630 /* MatchismoTests-Info.plist */,
				83A3870A16B6E448007F7630 /* InfoPlist.strings */,
			);
			name = "Supporting Files";
			sourceTree = "<group>";
		};
/* End PBXGroup section */

/* Begin PBXNativeTarget section */
		83A386D816B6E447007F7630 /* Matchismo */ = {
			isa = PBXNativeTarget;
			buildConfigurationList = 83A3871216B6E448007F7630 /* Build configuration list for PBXNativeTarget "Matchismo" */;
			buildPhases = (
				83A386D516B6E447007F7630 /* Sources */,
				83A386D616B6E447007F7630 /* Frameworks */,
				83A386D716B6E447007F7630 /* Resources */,
			);
			buildRules = (
			);
			dependencies = (
			);
			name = Matchismo;
			productName = Matchismo;
			productReference = 83A386D916B6E447007F7630 /* Matchismo.app */;
			productType = "com.apple.product-type.application";
		};
		83A386FF16B6E448007F7630 /* MatchismoTests */ = {
			isa = PBXNativeTarget;
			buildConfigurationList = 83A3871516B6E448007F7630 /* Build configuration list for PBXNativeTarget "MatchismoTests" */;
			buildPhases = (
				83A386FB16B6E448007F7630 /* Sources */,
				83A386FC16B6E448007F7630 /* Frameworks */,
				83A386FD16B6E448007F7630 /* Resources */,
				83A386FE16B6E448007F7630 /* ShellScript */,
			);
			buildRules = (
			);
			dependencies = (
				83A3870616B6E448007F7630 /* PBXTargetDependency */,
			);
			name = MatchismoTests;
			productName = MatchismoTests;
			productReference = 83A3870016B6E448007F7630 /* MatchismoTests.octest */;
			productType = "com.apple.product-type.bundle";
		};
/* End PBXNativeTarget section */

/* Begin PBXProject section */
		83A386D016B6E447007F7630 /* Project object */ = {
			isa = PBXProject;
			attributes = {
				CLASSPREFIX = Matchismo;
				LastUpgradeCheck = 0450;
				ORGANIZATIONNAME = "Chris Johnson Bidler";
			};
			buildConfigurationList = 83A386D316B6E447007F7630 /* Build configuration list for PBXProject "Matchismo" */;
			compatibilityVersion = "Xcode 3.2";
			developmentRegion = English;
			hasScannedForEncodings = 0;
			knownRegions = (
				en,
			);
			mainGroup = 83A386CE16B6E447007F7630;
			productRefGroup = 83A386DA16B6E447007F7630 /* Products */;
			projectDirPath = "";
			projectRoot = "";
			targets = (
				83A386D816B6E447007F7630 /* Matchismo */,
				83A386FF16B6E448007F7630 /* MatchismoTests */,
			);
		};
/* End PBXProject section */

/* Begin PBXResourcesBuildPhase section */
		83A386D716B6E447007F7630 /* Resources */ = {
			isa = PBXResourcesBuildPhase;
			buildActionMask = 2147483647;
			files = (
				83A386E816B6E447007F7630 /* InfoPlist.strings in Resources */,
				83A386F016B6E447007F7630 /* Default.png in Resources */,
				83A386F216B6E447007F7630 /* Default@2x.png in Resources */,
				83A386F416B6E447007F7630 /* Default-568h@2x.png in Resources */,
				83A386F716B6E447007F7630 /* MainStoryboard.storyboard in Resources */,
				835B616416C6C43100DE6F5B /* cardback.png in Resources */,
			);
			runOnlyForDeploymentPostprocessing = 0;
		};
		83A386FD16B6E448007F7630 /* Resources */ = {
			isa = PBXResourcesBuildPhase;
			buildActionMask = 2147483647;
			files = (
				83A3870C16B6E448007F7630 /* InfoPlist.strings in Resources */,
			);
			runOnlyForDeploymentPostprocessing = 0;
		};
/* End PBXResourcesBuildPhase section */

/* Begin PBXShellScriptBuildPhase section */
		83A386FE16B6E448007F7630 /* ShellScript */ = {
			isa = PBXShellScriptBuildPhase;
			buildActionMask = 2147483647;
			files = (
			);
			inputPaths = (
			);
			outputPaths = (
			);
			runOnlyForDeploymentPostprocessing = 0;
			shellPath = /bin/sh;
			shellScript = "# Run the unit tests in this test bundle.\n\"${SYSTEM_DEVELOPER_DIR}/Tools/RunUnitTests\"\n";
		};
/* End PBXShellScriptBuildPhase section */

/* Begin PBXSourcesBuildPhase section */
		83A386D516B6E447007F7630 /* Sources */ = {
			isa = PBXSourcesBuildPhase;
			buildActionMask = 2147483647;
			files = (
				83A386EA16B6E447007F7630 /* main.m in Sources */,
				83A386EE16B6E447007F7630 /* MatchismoAppDelegate.m in Sources */,
				83A386FA16B6E447007F7630 /* MatchismoViewController.m in Sources */,
				836A328916B87E24008D9C66 /* Card.m in Sources */,
				836A328C16B87E52008D9C66 /* Deck.m in Sources */,
				835B615916C5834600DE6F5B /* PlayingCardDeck.m in Sources */,
				835B615C16C5838000DE6F5B /* PlayingCard.m in Sources */,
				835B615F16C5970F00DE6F5B /* CardMatchingGame.m in Sources */,
			);
			runOnlyForDeploymentPostprocessing = 0;
		};
		83A386FB16B6E448007F7630 /* Sources */ = {
			isa = PBXSourcesBuildPhase;
			buildActionMask = 2147483647;
			files = (
				83A3870F16B6E448007F7630 /* MatchismoTests.m in Sources */,
			);
			runOnlyForDeploymentPostprocessing = 0;
		};
/* End PBXSourcesBuildPhase section */

/* Begin PBXTargetDependency section */
		83A3870616B6E448007F7630 /* PBXTargetDependency */ = {
			isa = PBXTargetDependency;
			target = 83A386D816B6E447007F7630 /* Matchismo */;
			targetProxy = 83A3870516B6E448007F7630 /* PBXContainerItemProxy */;
		};
/* End PBXTargetDependency section */

/* Begin PBXVariantGroup section */
		83A386E616B6E447007F7630 /* InfoPlist.strings */ = {
			isa = PBXVariantGroup;
			children = (
				83A386E716B6E447007F7630 /* en */,
			);
			name = InfoPlist.strings;
			sourceTree = "<group>";
		};
		83A386F516B6E447007F7630 /* MainStoryboard.storyboard */ = {
			isa = PBXVariantGroup;
			children = (
				83A386F616B6E447007F7630 /* en */,
			);
			name = MainStoryboard.storyboard;
			sourceTree = "<group>";
		};
		83A3870A16B6E448007F7630 /* InfoPlist.strings */ = {
			isa = PBXVariantGroup;
			children = (
				83A3870B16B6E448007F7630 /* en */,
			);
			name = InfoPlist.strings;
			sourceTree = "<group>";
		};
/* End PBXVariantGroup section */

/* Begin XCBuildConfiguration section */
		83A3871016B6E448007F7630 /* Debug */ = {
			isa = XCBuildConfiguration;
			buildSettings = {
				ALWAYS_SEARCH_USER_PATHS = NO;
				CLANG_CXX_LANGUAGE_STANDARD = "gnu++0x";
				CLANG_CXX_LIBRARY = "libc++";
				CLANG_ENABLE_OBJC_ARC = YES;
				CLANG_WARN_EMPTY_BODY = YES;
				CLANG_WARN__DUPLICATE_METHOD_MATCH = YES;
				"CODE_SIGN_IDENTITY[sdk=iphoneos*]" = "iPhone Developer";
				COPY_PHASE_STRIP = NO;
				GCC_C_LANGUAGE_STANDARD = gnu99;
				GCC_DYNAMIC_NO_PIC = NO;
				GCC_OPTIMIZATION_LEVEL = 0;
				GCC_PREPROCESSOR_DEFINITIONS = (
					"DEBUG=1",
					"$(inherited)",
				);
				GCC_SYMBOLS_PRIVATE_EXTERN = NO;
				GCC_WARN_ABOUT_RETURN_TYPE = YES;
				GCC_WARN_UNINITIALIZED_AUTOS = YES;
				GCC_WARN_UNUSED_VARIABLE = YES;
				IPHONEOS_DEPLOYMENT_TARGET = 6.0;
				ONLY_ACTIVE_ARCH = YES;
				SDKROOT = iphoneos;
			};
			name = Debug;
		};
		83A3871116B6E448007F7630 /* Release */ = {
			isa = XCBuildConfiguration;
			buildSettings = {
				ALWAYS_SEARCH_USER_PATHS = NO;
				CLANG_CXX_LANGUAGE_STANDARD = "gnu++0x";
				CLANG_CXX_LIBRARY = "libc++";
				CLANG_ENABLE_OBJC_ARC = YES;
				CLANG_WARN_EMPTY_BODY = YES;
				CLANG_WARN__DUPLICATE_METHOD_MATCH = YES;
				"CODE_SIGN_IDENTITY[sdk=iphoneos*]" = "iPhone Developer";
				COPY_PHASE_STRIP = YES;
				GCC_C_LANGUAGE_STANDARD = gnu99;
				GCC_WARN_ABOUT_RETURN_TYPE = YES;
				GCC_WARN_UNINITIALIZED_AUTOS = YES;
				GCC_WARN_UNUSED_VARIABLE = YES;
				IPHONEOS_DEPLOYMENT_TARGET = 6.0;
				OTHER_CFLAGS = "-DNS_BLOCK_ASSERTIONS=1";
				SDKROOT = iphoneos;
				VALIDATE_PRODUCT = YES;
			};
			name = Release;
		};
		83A3871316B6E448007F7630 /* Debug */ = {
			isa = XCBuildConfiguration;
			buildSettings = {
				GCC_PRECOMPILE_PREFIX_HEADER = YES;
				GCC_PREFIX_HEADER = "Matchismo/Matchismo-Prefix.pch";
				INFOPLIST_FILE = "Matchismo/Matchismo-Info.plist";
				PRODUCT_NAME = "$(TARGET_NAME)";
				WRAPPER_EXTENSION = app;
			};
			name = Debug;
		};
		83A3871416B6E448007F7630 /* Release */ = {
			isa = XCBuildConfiguration;
			buildSettings = {
				GCC_PRECOMPILE_PREFIX_HEADER = YES;
				GCC_PREFIX_HEADER = "Matchismo/Matchismo-Prefix.pch";
				INFOPLIST_FILE = "Matchismo/Matchismo-Info.plist";
				PRODUCT_NAME = "$(TARGET_NAME)";
				WRAPPER_EXTENSION = app;
			};
			name = Release;
		};
		83A3871616B6E448007F7630 /* Debug */ = {
			isa = XCBuildConfiguration;
			buildSettings = {
				BUNDLE_LOADER = "$(BUILT_PRODUCTS_DIR)/Matchismo.app/Matchismo";
				FRAMEWORK_SEARCH_PATHS = (
					"\"$(SDKROOT)/Developer/Library/Frameworks\"",
					"\"$(DEVELOPER_LIBRARY_DIR)/Frameworks\"",
				);
				GCC_PRECOMPILE_PREFIX_HEADER = YES;
				GCC_PREFIX_HEADER = "Matchismo/Matchismo-Prefix.pch";
				INFOPLIST_FILE = "MatchismoTests/MatchismoTests-Info.plist";
				PRODUCT_NAME = "$(TARGET_NAME)";
				TEST_HOST = "$(BUNDLE_LOADER)";
				WRAPPER_EXTENSION = octest;
			};
			name = Debug;
		};
		83A3871716B6E448007F7630 /* Release */ = {
			isa = XCBuildConfiguration;
			buildSettings = {
				BUNDLE_LOADER = "$(BUILT_PRODUCTS_DIR)/Matchismo.app/Matchismo";
				FRAMEWORK_SEARCH_PATHS = (
					"\"$(SDKROOT)/Developer/Library/Frameworks\"",
					"\"$(DEVELOPER_LIBRARY_DIR)/Frameworks\"",
				);
				GCC_PRECOMPILE_PREFIX_HEADER = YES;
				GCC_PREFIX_HEADER = "Matchismo/Matchismo-Prefix.pch";
				INFOPLIST_FILE = "MatchismoTests/MatchismoTests-Info.plist";
				PRODUCT_NAME = "$(TARGET_NAME)";
				TEST_HOST = "$(BUNDLE_LOADER)";
				WRAPPER_EXTENSION = octest;
			};
			name = Release;
		};
/* End XCBuildConfiguration section */

/* Begin XCConfigurationList section */
		83A386D316B6E447007F7630 /* Build configuration list for PBXProject "Matchismo" */ = {
			isa = XCConfigurationList;
			buildConfigurations = (
				83A3871016B6E448007F7630 /* Debug */,
				83A3871116B6E448007F7630 /* Release */,
			);
			defaultConfigurationIsVisible = 0;
			defaultConfigurationName = Release;
		};
		83A3871216B6E448007F7630 /* Build configuration list for PBXNativeTarget "Matchismo" */ = {
			isa = XCConfigurationList;
			buildConfigurations = (
				83A3871316B6E448007F7630 /* Debug */,
				83A3871416B6E448007F7630 /* Release */,
			);
			defaultConfigurationIsVisible = 0;
			defaultConfigurationName = Release;
		};
		83A3871516B6E448007F7630 /* Build configuration list for PBXNativeTarget "MatchismoTests" */ = {
			isa = XCConfigurationList;
			buildConfigurations = (
				83A3871616B6E448007F7630 /* Debug */,
				83A3871716B6E448007F7630 /* Release */,
			);
			defaultConfigurationIsVisible = 0;
			defaultConfigurationName = Release;
		};
/* End XCConfigurationList section */
	};
	rootObject = 83A386D016B6E447007F7630 /* Project object */;
}
